
Microsoft Visual Studio Solution File, Format Version 12.00
# Visual Studio 2013
VisualStudioVersion = 12.0.21005.1
MinimumVisualStudioVersion = 10.0.40219.1
Project("{FAE04EC0-301F-11D3-BF4B-00C04F79EFBC}") = "emidstartup", "emidstartup\emidstartup.csproj", "{D21C8887-E07D-4185-8C22-0C2D4981B627}"
	ProjectSection(ProjectDependencies) = postProject
		{3A514E3B-815D-4D57-B6E6-E09FC3591276} = {3A514E3B-815D-4D57-B6E6-E09FC3591276}
	EndProjectSection
EndProject
Project("{FAE04EC0-301F-11D3-BF4B-00C04F79EFBC}") = "emidstartup.Tests", "emidstartup.Tests\emidstartup.Tests.csproj", "{AF130852-F9AE-4D0A-AE8B-4A02B5BDE5CF}"
EndProject
Project("{FAE04EC0-301F-11D3-BF4B-00C04F79EFBC}") = "emidstartup.Models", "emidstartup.Models\emidstartup.Models.csproj", "{F4AE9D6B-373E-444C-AC32-4876AC27364D}"
EndProject
Project("{FAE04EC0-301F-11D3-BF4B-00C04F79EFBC}") = "emidstartup.DataLayer", "emidstartup.DataLayer\emidstartup.DataLayer.csproj", "{3A514E3B-815D-4D57-B6E6-E09FC3591276}"
EndProject
Global
	GlobalSection(SolutionConfigurationPlatforms) = preSolution
		Debug|Any CPU = Debug|Any CPU
		Release|Any CPU = Release|Any CPU
	EndGlobalSection
	GlobalSection(ProjectConfigurationPlatforms) = postSolution
		{D21C8887-E07D-4185-8C22-0C2D4981B627}.Debug|Any CPU.ActiveCfg = Debug|Any CPU
		{D21C8887-E07D-4185-8C22-0C2D4981B627}.Debug|Any CPU.Build.0 = Debug|Any CPU
		{D21C8887-E07D-4185-8C22-0C2D4981B627}.Release|Any CPU.ActiveCfg = Release|Any CPU
		{D21C8887-E07D-4185-8C22-0C2D4981B627}.Release|Any CPU.Build.0 = Release|Any CPU
		{AF130852-F9AE-4D0A-AE8B-4A02B5BDE5CF}.Debug|Any CPU.ActiveCfg = Debug|Any CPU
		{AF130852-F9AE-4D0A-AE8B-4A02B5BDE5CF}.Debug|Any CPU.Build.0 = Debug|Any CPU
		{AF130852-F9AE-4D0A-AE8B-4A02B5BDE5CF}.Release|Any CPU.ActiveCfg = Release|Any CPU
		{AF130852-F9AE-4D0A-AE8B-4A02B5BDE5CF}.Release|Any CPU.Build.0 = Release|Any CPU
		{F4AE9D6B-373E-444C-AC32-4876AC27364D}.Debug|Any CPU.ActiveCfg = Debug|Any CPU
		{F4AE9D6B-373E-444C-AC32-4876AC27364D}.Debug|Any CPU.Build.0 = Debug|Any CPU
		{F4AE9D6B-373E-444C-AC32-4876AC27364D}.Release|Any CPU.ActiveCfg = Release|Any CPU
		{F4AE9D6B-373E-444C-AC32-4876AC27364D}.Release|Any CPU.Build.0 = Release|Any CPU
		{3A514E3B-815D-4D57-B6E6-E09FC3591276}.Debug|Any CPU.ActiveCfg = Debug|Any CPU
		{3A514E3B-815D-4D57-B6E6-E09FC3591276}.Debug|Any CPU.Build.0 = Debug|Any CPU
		{3A514E3B-815D-4D57-B6E6-E09FC3591276}.Release|Any CPU.ActiveCfg = Release|Any CPU
		{3A514E3B-815D-4D57-B6E6-E09FC3591276}.Release|Any CPU.Build.0 = Release|Any CPU
	EndGlobalSection
	GlobalSection(SolutionProperties) = preSolution
		HideSolutionNode = FALSE
	EndGlobalSection
EndGlobal
